<?xml version="1.0" encoding="utf-8"?>
<Project ToolsVersion="4.0" xmlns="http://schemas.microsoft.com/developer/msbuild/2003">
  <ItemGroup>
    <Filter Include="Source Files">
      <UniqueIdentifier>{4FC737F1-C7A5-4376-A066-2A32D752A2FF}</UniqueIdentifier>
      <Extensions>cpp;c;cc;cxx;c++;def;odl;idl;hpj;bat;asm;asmx</Extensions>
    </Filter>
    <Filter Include="Header Files">
      <UniqueIdentifier>{93995380-89BD-4b04-88EB-625FBE52EBFB}</UniqueIdentifier>
      <Extensions>h;hh;hpp;hxx;h++;hm;inl;inc;ipp;xsd</Extensions>
    </Filter>
    <Filter Include="Resource Files">
      <UniqueIdentifier>{67DA6AB6-F800-4c08-8B7A-83BB121AAD01}</UniqueIdentifier>
      <Extensions>rc;ico;cur;bmp;dlg;rc2;rct;bin;rgs;gif;jpg;jpeg;jpe;resx;tiff;tif;png;wav;mfcribbon-ms</Extensions>
    </Filter>
    <Filter Include="Shaders">
      <UniqueIdentifier>{c634148b-c567-47ee-adb1-d17d3cbf703e}</UniqueIdentifier>
    </Filter>
  </ItemGroup>
  <ItemGroup>
    <ClCompile Include="Lyra Engine.cpp">
      <Filter>Source Files</Filter>
    </ClCompile>
    <ClCompile Include="cameraObj.cpp">
      <Filter>Source Files</Filter>
    </ClCompile>
    <ClCompile Include="lightObj.cpp">
      <Filter>Source Files</Filter>
    </ClCompile>
    <ClCompile Include="main.cpp">
      <Filter>Source Files</Filter>
    </ClCompile>
    <ClCompile Include="ManyFunctions.cpp">
      <Filter>Source Files</Filter>
    </ClCompile>
    <ClCompile Include="meshObj.cpp">
      <Filter>Source Files</Filter>
    </ClCompile>
    <ClCompile Include="Scene.cpp">
      <Filter>Source Files</Filter>
    </ClCompile>
    <ClCompile Include="shaderObj.cpp">
      <Filter>Source Files</Filter>
    </ClCompile>
    <ClCompile Include="glad.c">
      <Filter>Source Files</Filter>
    </ClCompile>
    <ClCompile Include="MaterialObj.cpp">
      <Filter>Source Files</Filter>
    </ClCompile>
    <ClCompile Include="Project.cpp">
      <Filter>Source Files</Filter>
    </ClCompile>
    <ClCompile Include="Material_Manager.cpp">
      <Filter>Source Files</Filter>
    </ClCompile>
    <ClCompile Include="Model_Importer.cpp">
      <Filter>Source Files</Filter>
    </ClCompile>
  </ItemGroup>
  <ItemGroup>
    <ClInclude Include="Scene.h">
      <Filter>Header Files</Filter>
    </ClInclude>
    <ClInclude Include="shaderObj.h">
      <Filter>Header Files</Filter>
    </ClInclude>
    <ClInclude Include="stb_image.h">
      <Filter>Header Files</Filter>
    </ClInclude>
    <ClInclude Include="cameraObj.h">
      <Filter>Header Files</Filter>
    </ClInclude>
    <ClInclude Include="lightObj.h">
      <Filter>Header Files</Filter>
    </ClInclude>
    <ClInclude Include="ManyFunctions.h">
      <Filter>Header Files</Filter>
    </ClInclude>
    <ClInclude Include="meshObj.h">
      <Filter>Header Files</Filter>
    </ClInclude>
    <ClInclude Include="MaterialObj.h">
      <Filter>Header Files</Filter>
    </ClInclude>
    <ClInclude Include="Project.h">
      <Filter>Header Files</Filter>
    </ClInclude>
    <ClInclude Include="Material_Manager.h">
      <Filter>Header Files</Filter>
    </ClInclude>
    <ClInclude Include="Model_Importer.h">
      <Filter>Header Files</Filter>
    </ClInclude>
  </ItemGroup>
  <ItemGroup>
    <None Include="Shaders\forwardRenderVertex.glsl">
      <Filter>Shaders</Filter>
    </None>
    <None Include="Shaders\gaussianBlurFragment.glsl">
      <Filter>Shaders</Filter>
    </None>
    <None Include="Shaders\gaussianBlurVertex.glsl">
      <Filter>Shaders</Filter>
    </None>
    <None Include="Shaders\geometryPassF.glsl">
      <Filter>Shaders</Filter>
    </None>
    <None Include="Shaders\geometryPassV.glsl">
      <Filter>Shaders</Filter>
    </None>
    <None Include="Shaders\lightCubeFragmentShader.glsl">
      <Filter>Shaders</Filter>
    </None>
    <None Include="Shaders\lightCubeVertexShader.glsl">
      <Filter>Shaders</Filter>
    </None>
    <None Include="Shaders\lightingPassF.glsl">
      <Filter>Shaders</Filter>
    </None>
    <None Include="Shaders\lightingPassV.glsl">
      <Filter>Shaders</Filter>
    </None>
    <None Include="Shaders\reflectCubeFragment.glsl">
      <Filter>Shaders</Filter>
    </None>
    <None Include="Shaders\reflectCubeVertex.glsl">
      <Filter>Shaders</Filter>
    </None>
    <None Include="Shaders\reflectionFragmentShader.glsl">
      <Filter>Shaders</Filter>
    </None>
    <None Include="Shaders\reflectionVertexShader.glsl">
      <Filter>Shaders</Filter>
    </None>
    <None Include="Shaders\shadowsShaderFragment.glsl">
      <Filter>Shaders</Filter>
    </None>
    <None Include="Shaders\shadowsShaderVertex.glsl">
      <Filter>Shaders</Filter>
    </None>
    <None Include="Shaders\skyGradiantF.glsl">
      <Filter>Shaders</Filter>
    </None>
    <None Include="Shaders\skyGradiantV.glsl">
      <Filter>Shaders</Filter>
    </None>
    <None Include="Shaders\textureDrawFragment.glsl">
      <Filter>Shaders</Filter>
    </None>
    <None Include="Shaders\textureDrawVertex.glsl">
      <Filter>Shaders</Filter>
    </None>
    <None Include="Shaders\additiveMixTexF.glsl">
      <Filter>Shaders</Filter>
    </None>
    <None Include="Shaders\additiveMixTexV.glsl">
      <Filter>Shaders</Filter>
    </None>
    <None Include="Shaders\forwardRenderFragment.glsl">
      <Filter>Shaders</Filter>
    </None>
  </ItemGroup>
</Project>